
Microsoft Visual Studio Solution File, Format Version 12.00
# Visual Studio 15
VisualStudioVersion = 15.0.27004.2005
MinimumVisualStudioVersion = 10.0.40219.1
Project("{F2A71F9B-5D33-465A-A702-920D77279786}") = "MiniProject", "MiniProject\MiniProject.fsproj", "{43D6330E-663C-4390-BCAF-B47BE42E7BA6}"
EndProject
Global
	GlobalSection(SolutionConfigurationPlatforms) = preSolution
		Debug|Any CPU = Debug|Any CPU
		Release|Any CPU = Release|Any CPU
	EndGlobalSection
	GlobalSection(ProjectConfigurationPlatforms) = postSolution
		{43D6330E-663C-4390-BCAF-B47BE42E7BA6}.Debug|Any CPU.ActiveCfg = Debug|Any CPU
		{43D6330E-663C-4390-BCAF-B47BE42E7BA6}.Debug|Any CPU.Build.0 = Debug|Any CPU
		{43D6330E-663C-4390-BCAF-B47BE42E7BA6}.Release|Any CPU.ActiveCfg = Release|Any CPU
		{43D6330E-663C-4390-BCAF-B47BE42E7BA6}.Release|Any CPU.Build.0 = Release|Any CPU
	EndGlobalSection
	GlobalSection(SolutionProperties) = preSolution
		HideSolutionNode = FALSE
	EndGlobalSection
	GlobalSection(ExtensibilityGlobals) = postSolution
		SolutionGuid = {9B74570D-4B12-427F-A7DC-975FA0DD7D4C}
	EndGlobalSection
EndGlobal
